
Microsoft Visual Studio Solution File, Format Version 12.00
# Visual Studio 15
VisualStudioVersion = 15.0.28010.2003
MinimumVisualStudioVersion = 10.0.40219.1
Project("{2150E333-8FDC-42A3-9474-1A3956D46DE8}") = "src", "src", "{7042C655-20B6-4723-B767-63BE65CE2E7F}"
EndProject
Project("{2150E333-8FDC-42A3-9474-1A3956D46DE8}") = "test", "test", "{40475E82-52E5-4223-BD94-AB266E2ADC36}"
EndProject
Project("{2150E333-8FDC-42A3-9474-1A3956D46DE8}") = "ApiGateways", "ApiGateways", "{BEE8F8EC-E509-4F4C-A0BC-58ECD4D4028D}"
EndProject
Project("{9A19103F-16F7-4668-BE54-9A1E7A4F7556}") = "OcelotApiGw", "src\ApiGateways\OcelotApiGw\OcelotApiGw.csproj", "{2937537A-8886-444E-B180-083C7E286FD4}"
EndProject
Project("{2150E333-8FDC-42A3-9474-1A3956D46DE8}") = "Services", "Services", "{DF89B042-1920-4DF1-91F4-3E5DDE61F1AD}"
EndProject
Project("{2150E333-8FDC-42A3-9474-1A3956D46DE8}") = "Identity", "Identity", "{9C703260-7B8F-4CB9-AB51-07DF51F8B70E}"
EndProject
Project("{2150E333-8FDC-42A3-9474-1A3956D46DE8}") = "Post", "Post", "{78428772-1220-4CE7-B3B7-675D8A7D108C}"
EndProject
Project("{2150E333-8FDC-42A3-9474-1A3956D46DE8}") = "Comment", "Comment", "{A20A5C3A-BB58-47BB-8AE8-9C71A1C2CBE2}"
EndProject
Project("{2150E333-8FDC-42A3-9474-1A3956D46DE8}") = "WebSPA", "WebSPA", "{101D46DF-3378-4E6A-97C2-F495C7844618}"
EndProject
Project("{2150E333-8FDC-42A3-9474-1A3956D46DE8}") = "UI", "UI", "{C1754235-C99D-4C86-85E6-F94AAFA18967}"
EndProject
Project("{2150E333-8FDC-42A3-9474-1A3956D46DE8}") = "Mobile", "Mobile", "{D5F3D858-DA4C-4789-BB15-4940E70FAFC7}"
EndProject
Project("{9A19103F-16F7-4668-BE54-9A1E7A4F7556}") = "Post.API", "src\Services\Post\Post.API\Post.API.csproj", "{1751AD74-2CD8-4C0B-B202-DE27D24CDFF1}"
EndProject
Project("{9A19103F-16F7-4668-BE54-9A1E7A4F7556}") = "Post.Domain", "src\Services\Post\Post.Domain\Post.Domain.csproj", "{DF5D4036-776E-40B4-A28D-E53DFC2913F2}"
EndProject
Project("{9A19103F-16F7-4668-BE54-9A1E7A4F7556}") = "Post.Infrastructure", "src\Services\Post\Post.Infrastructure\Post.Infrastructure.csproj", "{AC71628D-9C4A-4FCA-9D53-EC2774E8394A}"
EndProject
Project("{9A19103F-16F7-4668-BE54-9A1E7A4F7556}") = "Identity.API", "src\services\identity\Identity.API\Identity.API.csproj", "{1377FEC7-64BA-46DB-9DAB-1C7DE83D8725}"
EndProject
Project("{2150E333-8FDC-42A3-9474-1A3956D46DE8}") = "BuildingBlocks", "BuildingBlocks", "{163DC3B5-FA5C-4C27-9A9B-203E0F0357F1}"
EndProject
Project("{2150E333-8FDC-42A3-9474-1A3956D46DE8}") = "Services", "Services", "{D2CF4784-B685-4A6B-BEE9-A0BAB67A99D2}"
EndProject
Project("{9A19103F-16F7-4668-BE54-9A1E7A4F7556}") = "ConsulService", "src\BuildingBlocks\Services\ConsulService\ConsulService.csproj", "{678F17E3-8430-48E8-937D-5476AEFA3866}"
EndProject
Global
	GlobalSection(SolutionConfigurationPlatforms) = preSolution
		Debug|Any CPU = Debug|Any CPU
		Release|Any CPU = Release|Any CPU
	EndGlobalSection
	GlobalSection(ProjectConfigurationPlatforms) = postSolution
		{2937537A-8886-444E-B180-083C7E286FD4}.Debug|Any CPU.ActiveCfg = Debug|Any CPU
		{2937537A-8886-444E-B180-083C7E286FD4}.Debug|Any CPU.Build.0 = Debug|Any CPU
		{2937537A-8886-444E-B180-083C7E286FD4}.Release|Any CPU.ActiveCfg = Release|Any CPU
		{2937537A-8886-444E-B180-083C7E286FD4}.Release|Any CPU.Build.0 = Release|Any CPU
		{1751AD74-2CD8-4C0B-B202-DE27D24CDFF1}.Debug|Any CPU.ActiveCfg = Debug|Any CPU
		{1751AD74-2CD8-4C0B-B202-DE27D24CDFF1}.Debug|Any CPU.Build.0 = Debug|Any CPU
		{1751AD74-2CD8-4C0B-B202-DE27D24CDFF1}.Release|Any CPU.ActiveCfg = Release|Any CPU
		{1751AD74-2CD8-4C0B-B202-DE27D24CDFF1}.Release|Any CPU.Build.0 = Release|Any CPU
		{DF5D4036-776E-40B4-A28D-E53DFC2913F2}.Debug|Any CPU.ActiveCfg = Debug|Any CPU
		{DF5D4036-776E-40B4-A28D-E53DFC2913F2}.Debug|Any CPU.Build.0 = Debug|Any CPU
		{DF5D4036-776E-40B4-A28D-E53DFC2913F2}.Release|Any CPU.ActiveCfg = Release|Any CPU
		{DF5D4036-776E-40B4-A28D-E53DFC2913F2}.Release|Any CPU.Build.0 = Release|Any CPU
		{AC71628D-9C4A-4FCA-9D53-EC2774E8394A}.Debug|Any CPU.ActiveCfg = Debug|Any CPU
		{AC71628D-9C4A-4FCA-9D53-EC2774E8394A}.Debug|Any CPU.Build.0 = Debug|Any CPU
		{AC71628D-9C4A-4FCA-9D53-EC2774E8394A}.Release|Any CPU.ActiveCfg = Release|Any CPU
		{AC71628D-9C4A-4FCA-9D53-EC2774E8394A}.Release|Any CPU.Build.0 = Release|Any CPU
		{1377FEC7-64BA-46DB-9DAB-1C7DE83D8725}.Debug|Any CPU.ActiveCfg = Debug|Any CPU
		{1377FEC7-64BA-46DB-9DAB-1C7DE83D8725}.Debug|Any CPU.Build.0 = Debug|Any CPU
		{1377FEC7-64BA-46DB-9DAB-1C7DE83D8725}.Release|Any CPU.ActiveCfg = Release|Any CPU
		{1377FEC7-64BA-46DB-9DAB-1C7DE83D8725}.Release|Any CPU.Build.0 = Release|Any CPU
		{678F17E3-8430-48E8-937D-5476AEFA3866}.Debug|Any CPU.ActiveCfg = Debug|Any CPU
		{678F17E3-8430-48E8-937D-5476AEFA3866}.Debug|Any CPU.Build.0 = Debug|Any CPU
		{678F17E3-8430-48E8-937D-5476AEFA3866}.Release|Any CPU.ActiveCfg = Release|Any CPU
		{678F17E3-8430-48E8-937D-5476AEFA3866}.Release|Any CPU.Build.0 = Release|Any CPU
	EndGlobalSection
	GlobalSection(SolutionProperties) = preSolution
		HideSolutionNode = FALSE
	EndGlobalSection
	GlobalSection(NestedProjects) = preSolution
		{BEE8F8EC-E509-4F4C-A0BC-58ECD4D4028D} = {7042C655-20B6-4723-B767-63BE65CE2E7F}
		{2937537A-8886-444E-B180-083C7E286FD4} = {BEE8F8EC-E509-4F4C-A0BC-58ECD4D4028D}
		{DF89B042-1920-4DF1-91F4-3E5DDE61F1AD} = {7042C655-20B6-4723-B767-63BE65CE2E7F}
		{9C703260-7B8F-4CB9-AB51-07DF51F8B70E} = {DF89B042-1920-4DF1-91F4-3E5DDE61F1AD}
		{78428772-1220-4CE7-B3B7-675D8A7D108C} = {DF89B042-1920-4DF1-91F4-3E5DDE61F1AD}
		{A20A5C3A-BB58-47BB-8AE8-9C71A1C2CBE2} = {DF89B042-1920-4DF1-91F4-3E5DDE61F1AD}
		{101D46DF-3378-4E6A-97C2-F495C7844618} = {C1754235-C99D-4C86-85E6-F94AAFA18967}
		{C1754235-C99D-4C86-85E6-F94AAFA18967} = {7042C655-20B6-4723-B767-63BE65CE2E7F}
		{D5F3D858-DA4C-4789-BB15-4940E70FAFC7} = {C1754235-C99D-4C86-85E6-F94AAFA18967}
		{1751AD74-2CD8-4C0B-B202-DE27D24CDFF1} = {78428772-1220-4CE7-B3B7-675D8A7D108C}
		{DF5D4036-776E-40B4-A28D-E53DFC2913F2} = {78428772-1220-4CE7-B3B7-675D8A7D108C}
		{AC71628D-9C4A-4FCA-9D53-EC2774E8394A} = {78428772-1220-4CE7-B3B7-675D8A7D108C}
		{1377FEC7-64BA-46DB-9DAB-1C7DE83D8725} = {9C703260-7B8F-4CB9-AB51-07DF51F8B70E}
		{163DC3B5-FA5C-4C27-9A9B-203E0F0357F1} = {7042C655-20B6-4723-B767-63BE65CE2E7F}
		{D2CF4784-B685-4A6B-BEE9-A0BAB67A99D2} = {163DC3B5-FA5C-4C27-9A9B-203E0F0357F1}
		{678F17E3-8430-48E8-937D-5476AEFA3866} = {D2CF4784-B685-4A6B-BEE9-A0BAB67A99D2}
	EndGlobalSection
	GlobalSection(ExtensibilityGlobals) = postSolution
		SolutionGuid = {3C091CC4-2885-47EE-B6F1-24CDC2474617}
	EndGlobalSection
EndGlobal
